
Microsoft Visual Studio Solution File, Format Version 12.00
# Visual Studio Version 17
VisualStudioVersion = 17.8.34316.72
MinimumVisualStudioVersion = 10.0.40219.1
Project("{9A19103F-16F7-4668-BE54-9A1E7A4F7556}") = "OnlineStore.API", "OnlineStore.API\OnlineStore.API.csproj", "{97500D85-D514-4CFB-92A9-63CA39CDD785}"
EndProject
Project("{9A19103F-16F7-4668-BE54-9A1E7A4F7556}") = "OnlineStore.BlazorClient", "OnlineStore.BlazorClient\OnlineStore.BlazorClient.csproj", "{71057F3B-AB3C-4856-9FB0-7996D4D1E746}"
EndProject
Global
	GlobalSection(SolutionConfigurationPlatforms) = preSolution
		Debug|Any CPU = Debug|Any CPU
		Release|Any CPU = Release|Any CPU
	EndGlobalSection
	GlobalSection(ProjectConfigurationPlatforms) = postSolution
		{97500D85-D514-4CFB-92A9-63CA39CDD785}.Debug|Any CPU.ActiveCfg = Debug|Any CPU
		{97500D85-D514-4CFB-92A9-63CA39CDD785}.Debug|Any CPU.Build.0 = Debug|Any CPU
		{97500D85-D514-4CFB-92A9-63CA39CDD785}.Release|Any CPU.ActiveCfg = Release|Any CPU
		{97500D85-D514-4CFB-92A9-63CA39CDD785}.Release|Any CPU.Build.0 = Release|Any CPU
		{71057F3B-AB3C-4856-9FB0-7996D4D1E746}.Debug|Any CPU.ActiveCfg = Debug|Any CPU
		{71057F3B-AB3C-4856-9FB0-7996D4D1E746}.Debug|Any CPU.Build.0 = Debug|Any CPU
		{71057F3B-AB3C-4856-9FB0-7996D4D1E746}.Release|Any CPU.ActiveCfg = Release|Any CPU
		{71057F3B-AB3C-4856-9FB0-7996D4D1E746}.Release|Any CPU.Build.0 = Release|Any CPU
	EndGlobalSection
	GlobalSection(SolutionProperties) = preSolution
		HideSolutionNode = FALSE
	EndGlobalSection
	GlobalSection(ExtensibilityGlobals) = postSolution
		SolutionGuid = {E4ECF0D4-457A-4DD5-9110-0420E4234FB6}
	EndGlobalSection
EndGlobal
